// !$*UTF8*$!
{
	archiveVersion = 1;
	classes = {
	};
	objectVersion = 56;
	objects = {

/* Begin PBXBuildFile section */
		EBC674A22C96DCC200A7DFF8 /* FlashCardsApp.swift in Sources */ = {isa = PBXBuildFile; fileRef = EBC674A12C96DCC200A7DFF8 /* FlashCardsApp.swift */; };
		EBC674A42C96DCC200A7DFF8 /* ContentView.swift in Sources */ = {isa = PBXBuildFile; fileRef = EBC674A32C96DCC200A7DFF8 /* ContentView.swift */; };
		EBC674A62C96DCC800A7DFF8 /* Assets.xcassets in Resources */ = {isa = PBXBuildFile; fileRef = EBC674A52C96DCC800A7DFF8 /* Assets.xcassets */; };
		EBC674A92C96DCC800A7DFF8 /* Preview Assets.xcassets in Resources */ = {isa = PBXBuildFile; fileRef = EBC674A82C96DCC800A7DFF8 /* Preview Assets.xcassets */; };
		EBC674AB2C96DCC800A7DFF8 /* Persistence.swift in Sources */ = {isa = PBXBuildFile; fileRef = EBC674AA2C96DCC800A7DFF8 /* Persistence.swift */; };
		EBC674AE2C96DCC800A7DFF8 /* FlashCards.xcdatamodeld in Sources */ = {isa = PBXBuildFile; fileRef = EBC674AC2C96DCC800A7DFF8 /* FlashCards.xcdatamodeld */; };
		EBC674B52C96DEC200A7DFF8 /* Belaga.otf in Resources */ = {isa = PBXBuildFile; fileRef = EBC674B42C96DEC200A7DFF8 /* Belaga.otf */; };
		EBC674B92C96E59700A7DFF8 /* QuestionListView.swift in Sources */ = {isa = PBXBuildFile; fileRef = EBC674B82C96E59700A7DFF8 /* QuestionListView.swift */; };
		EBC674BB2C97380E00A7DFF8 /* QuizView.swift in Sources */ = {isa = PBXBuildFile; fileRef = EBC674BA2C97380E00A7DFF8 /* QuizView.swift */; };
		EBC674BD2C973E1D00A7DFF8 /* AddQeustionView.swift in Sources */ = {isa = PBXBuildFile; fileRef = EBC674BC2C973E1D00A7DFF8 /* AddQeustionView.swift */; };
		EBC674BF2C992F5100A7DFF8 /* CardFront.swift in Sources */ = {isa = PBXBuildFile; fileRef = EBC674BE2C992F5100A7DFF8 /* CardFront.swift */; };
		EBC674C12C99344500A7DFF8 /* CardBack.swift in Sources */ = {isa = PBXBuildFile; fileRef = EBC674C02C99344500A7DFF8 /* CardBack.swift */; };
/* End PBXBuildFile section */

/* Begin PBXFileReference section */
		EBC6749E2C96DCC200A7DFF8 /* FlashCards.app */ = {isa = PBXFileReference; explicitFileType = wrapper.application; includeInIndex = 0; path = FlashCards.app; sourceTree = BUILT_PRODUCTS_DIR; };
		EBC674A12C96DCC200A7DFF8 /* FlashCardsApp.swift */ = {isa = PBXFileReference; lastKnownFileType = sourcecode.swift; path = FlashCardsApp.swift; sourceTree = "<group>"; };
		EBC674A32C96DCC200A7DFF8 /* ContentView.swift */ = {isa = PBXFileReference; lastKnownFileType = sourcecode.swift; path = ContentView.swift; sourceTree = "<group>"; };
		EBC674A52C96DCC800A7DFF8 /* Assets.xcassets */ = {isa = PBXFileReference; lastKnownFileType = folder.assetcatalog; path = Assets.xcassets; sourceTree = "<group>"; };
		EBC674A82C96DCC800A7DFF8 /* Preview Assets.xcassets */ = {isa = PBXFileReference; lastKnownFileType = folder.assetcatalog; path = "Preview Assets.xcassets"; sourceTree = "<group>"; };
		EBC674AA2C96DCC800A7DFF8 /* Persistence.swift */ = {isa = PBXFileReference; lastKnownFileType = sourcecode.swift; path = Persistence.swift; sourceTree = "<group>"; };
		EBC674AD2C96DCC800A7DFF8 /* FlashCards.xcdatamodel */ = {isa = PBXFileReference; lastKnownFileType = wrapper.xcdatamodel; path = FlashCards.xcdatamodel; sourceTree = "<group>"; };
		EBC674B42C96DEC200A7DFF8 /* Belaga.otf */ = {isa = PBXFileReference; lastKnownFileType = file; path = Belaga.otf; sourceTree = "<group>"; };
		EBC674B62C96E0A400A7DFF8 /* Info.plist */ = {isa = PBXFileReference; lastKnownFileType = text.plist; path = Info.plist; sourceTree = "<group>"; };
		EBC674B82C96E59700A7DFF8 /* QuestionListView.swift */ = {isa = PBXFileReference; lastKnownFileType = sourcecode.swift; path = QuestionListView.swift; sourceTree = "<group>"; };
		EBC674BA2C97380E00A7DFF8 /* QuizView.swift */ = {isa = PBXFileReference; lastKnownFileType = sourcecode.swift; path = QuizView.swift; sourceTree = "<group>"; };
		EBC674BC2C973E1D00A7DFF8 /* AddQeustionView.swift */ = {isa = PBXFileReference; lastKnownFileType = sourcecode.swift; path = AddQeustionView.swift; sourceTree = "<group>"; };
		EBC674BE2C992F5100A7DFF8 /* CardFront.swift */ = {isa = PBXFileReference; lastKnownFileType = sourcecode.swift; path = CardFront.swift; sourceTree = "<group>"; };
		EBC674C02C99344500A7DFF8 /* CardBack.swift */ = {isa = PBXFileReference; lastKnownFileType = sourcecode.swift; path = CardBack.swift; sourceTree = "<group>"; };
/* End PBXFileReference section */

/* Begin PBXFrameworksBuildPhase section */
		EBC6749B2C96DCC200A7DFF8 /* Frameworks */ = {
			isa = PBXFrameworksBuildPhase;
			buildActionMask = 2147483647;
			files = (
			);
			runOnlyForDeploymentPostprocessing = 0;
		};
/* End PBXFrameworksBuildPhase section */

/* Begin PBXGroup section */
		EBC674952C96DCC200A7DFF8 = {
			isa = PBXGroup;
			children = (
				EBC674A02C96DCC200A7DFF8 /* FlashCards */,
				EBC6749F2C96DCC200A7DFF8 /* Products */,
			);
			sourceTree = "<group>";
		};
		EBC6749F2C96DCC200A7DFF8 /* Products */ = {
			isa = PBXGroup;
			children = (
				EBC6749E2C96DCC200A7DFF8 /* FlashCards.app */,
			);
			name = Products;
			sourceTree = "<group>";
		};
		EBC674A02C96DCC200A7DFF8 /* FlashCards */ = {
			isa = PBXGroup;
			children = (
				EBC674B62C96E0A400A7DFF8 /* Info.plist */,
				EBC674A12C96DCC200A7DFF8 /* FlashCardsApp.swift */,
				EBC674B72C96E57D00A7DFF8 /* Views */,
				EBC674A52C96DCC800A7DFF8 /* Assets.xcassets */,
				EBC674B42C96DEC200A7DFF8 /* Belaga.otf */,
				EBC674AA2C96DCC800A7DFF8 /* Persistence.swift */,
				EBC674AC2C96DCC800A7DFF8 /* FlashCards.xcdatamodeld */,
				EBC674A72C96DCC800A7DFF8 /* Preview Content */,
			);
			path = FlashCards;
			sourceTree = "<group>";
		};
		EBC674A72C96DCC800A7DFF8 /* Preview Content */ = {
			isa = PBXGroup;
			children = (
				EBC674A82C96DCC800A7DFF8 /* Preview Assets.xcassets */,
			);
			path = "Preview Content";
			sourceTree = "<group>";
		};
		EBC674B72C96E57D00A7DFF8 /* Views */ = {
			isa = PBXGroup;
			children = (
				EBC674A32C96DCC200A7DFF8 /* ContentView.swift */,
				EBC674BA2C97380E00A7DFF8 /* QuizView.swift */,
				EBC674BE2C992F5100A7DFF8 /* CardFront.swift */,
				EBC674C02C99344500A7DFF8 /* CardBack.swift */,
				EBC674B82C96E59700A7DFF8 /* QuestionListView.swift */,
				EBC674BC2C973E1D00A7DFF8 /* AddQeustionView.swift */,
			);
			path = Views;
			sourceTree = "<group>";
		};
/* End PBXGroup section */

/* Begin PBXNativeTarget section */
		EBC6749D2C96DCC200A7DFF8 /* FlashCards */ = {
			isa = PBXNativeTarget;
			buildConfigurationList = EBC674B12C96DCC800A7DFF8 /* Build configuration list for PBXNativeTarget "FlashCards" */;
			buildPhases = (
				EBC6749A2C96DCC200A7DFF8 /* Sources */,
				EBC6749B2C96DCC200A7DFF8 /* Frameworks */,
				EBC6749C2C96DCC200A7DFF8 /* Resources */,
			);
			buildRules = (
			);
			dependencies = (
			);
			name = FlashCards;
			productName = FlashCards;
			productReference = EBC6749E2C96DCC200A7DFF8 /* FlashCards.app */;
			productType = "com.apple.product-type.application";
		};
/* End PBXNativeTarget section */

/* Begin PBXProject section */
		EBC674962C96DCC200A7DFF8 /* Project object */ = {
			isa = PBXProject;
			attributes = {
				BuildIndependentTargetsInParallel = 1;
				LastSwiftUpdateCheck = 1420;
				LastUpgradeCheck = 1420;
				TargetAttributes = {
					EBC6749D2C96DCC200A7DFF8 = {
						CreatedOnToolsVersion = 14.2;
					};
				};
			};
			buildConfigurationList = EBC674992C96DCC200A7DFF8 /* Build configuration list for PBXProject "FlashCards" */;
			compatibilityVersion = "Xcode 14.0";
			developmentRegion = en;
			hasScannedForEncodings = 0;
			knownRegions = (
				en,
				Base,
			);
			mainGroup = EBC674952C96DCC200A7DFF8;
			productRefGroup = EBC6749F2C96DCC200A7DFF8 /* Products */;
			projectDirPath = "";
			projectRoot = "";
			targets = (
				EBC6749D2C96DCC200A7DFF8 /* FlashCards */,
			);
		};
/* End PBXProject section */

/* Begin PBXResourcesBuildPhase section */
		EBC6749C2C96DCC200A7DFF8 /* Resources */ = {
			isa = PBXResourcesBuildPhase;
			buildActionMask = 2147483647;
			files = (
				EBC674A92C96DCC800A7DFF8 /* Preview Assets.xcassets in Resources */,
				EBC674B52C96DEC200A7DFF8 /* Belaga.otf in Resources */,
				EBC674A62C96DCC800A7DFF8 /* Assets.xcassets in Resources */,
			);
			runOnlyForDeploymentPostprocessing = 0;
		};
/* End PBXResourcesBuildPhase section */

/* Begin PBXSourcesBuildPhase section */
		EBC6749A2C96DCC200A7DFF8 /* Sources */ = {
			isa = PBXSourcesBuildPhase;
			buildActionMask = 2147483647;
			files = (
				EBC674C12C99344500A7DFF8 /* CardBack.swift in Sources */,
				EBC674BD2C973E1D00A7DFF8 /* AddQeustionView.swift in Sources */,
				EBC674AB2C96DCC800A7DFF8 /* Persistence.swift in Sources */,
				EBC674B92C96E59700A7DFF8 /* QuestionListView.swift in Sources */,
				EBC674A42C96DCC200A7DFF8 /* ContentView.swift in Sources */,
				EBC674AE2C96DCC800A7DFF8 /* FlashCards.xcdatamodeld in Sources */,
				EBC674BF2C992F5100A7DFF8 /* CardFront.swift in Sources */,
				EBC674A22C96DCC200A7DFF8 /* FlashCardsApp.swift in Sources */,
				EBC674BB2C97380E00A7DFF8 /* QuizView.swift in Sources */,
			);
			runOnlyForDeploymentPostprocessing = 0;
		};
/* End PBXSourcesBuildPhase section */

/* Begin XCBuildConfiguration section */
		EBC674AF2C96DCC800A7DFF8 /* Debug */ = {
			isa = XCBuildConfiguration;
			buildSettings = {
				ALWAYS_SEARCH_USER_PATHS = NO;
				CLANG_ANALYZER_NONNULL = YES;
				CLANG_ANALYZER_NUMBER_OBJECT_CONVERSION = YES_AGGRESSIVE;
				CLANG_CXX_LANGUAGE_STANDARD = "gnu++20";
				CLANG_ENABLE_MODULES = YES;
				CLANG_ENABLE_OBJC_ARC = YES;
				CLANG_ENABLE_OBJC_WEAK = YES;
				CLANG_WARN_BLOCK_CAPTURE_AUTORELEASING = YES;
				CLANG_WARN_BOOL_CONVERSION = YES;
				CLANG_WARN_COMMA = YES;
				CLANG_WARN_CONSTANT_CONVERSION = YES;
				CLANG_WARN_DEPRECATED_OBJC_IMPLEMENTATIONS = YES;
				CLANG_WARN_DIRECT_OBJC_ISA_USAGE = YES_ERROR;
				CLANG_WARN_DOCUMENTATION_COMMENTS = YES;
				CLANG_WARN_EMPTY_BODY = YES;
				CLANG_WARN_ENUM_CONVERSION = YES;
				CLANG_WARN_INFINITE_RECURSION = YES;
				CLANG_WARN_INT_CONVERSION = YES;
				CLANG_WARN_NON_LITERAL_NULL_CONVERSION = YES;
				CLANG_WARN_OBJC_IMPLICIT_RETAIN_SELF = YES;
				CLANG_WARN_OBJC_LITERAL_CONVERSION = YES;
				CLANG_WARN_OBJC_ROOT_CLASS = YES_ERROR;
				CLANG_WARN_QUOTED_INCLUDE_IN_FRAMEWORK_HEADER = YES;
				CLANG_WARN_RANGE_LOOP_ANALYSIS = YES;
				CLANG_WARN_STRICT_PROTOTYPES = YES;
				CLANG_WARN_SUSPICIOUS_MOVE = YES;
				CLANG_WARN_UNGUARDED_AVAILABILITY = YES_AGGRESSIVE;
				CLANG_WARN_UNREACHABLE_CODE = YES;
				CLANG_WARN__DUPLICATE_METHOD_MATCH = YES;
				COPY_PHASE_STRIP = NO;
				DEBUG_INFORMATION_FORMAT = dwarf;
				ENABLE_STRICT_OBJC_MSGSEND = YES;
				ENABLE_TESTABILITY = YES;
				GCC_C_LANGUAGE_STANDARD = gnu11;
				GCC_DYNAMIC_NO_PIC = NO;
				GCC_NO_COMMON_BLOCKS = YES;
				GCC_OPTIMIZATION_LEVEL = 0;
				GCC_PREPROCESSOR_DEFINITIONS = (
					"DEBUG=1",
					"$(inherited)",
				);
				GCC_WARN_64_TO_32_BIT_CONVERSION = YES;
				GCC_WARN_ABOUT_RETURN_TYPE = YES_ERROR;
				GCC_WARN_UNDECLARED_SELECTOR = YES;
				GCC_WARN_UNINITIALIZED_AUTOS = YES_AGGRESSIVE;
				GCC_WARN_UNUSED_FUNCTION = YES;
				GCC_WARN_UNUSED_VARIABLE = YES;
				IPHONEOS_DEPLOYMENT_TARGET = 16.2;
				MTL_ENABLE_DEBUG_INFO = INCLUDE_SOURCE;
				MTL_FAST_MATH = YES;
				ONLY_ACTIVE_ARCH = YES;
				SDKROOT = iphoneos;
				SWIFT_ACTIVE_COMPILATION_CONDITIONS = DEBUG;
				SWIFT_OPTIMIZATION_LEVEL = "-Onone";
			};
			name = Debug;
		};
		EBC674B02C96DCC800A7DFF8 /* Release */ = {
			isa = XCBuildConfiguration;
			buildSettings = {
				ALWAYS_SEARCH_USER_PATHS = NO;
				CLANG_ANALYZER_NONNULL = YES;
				CLANG_ANALYZER_NUMBER_OBJECT_CONVERSION = YES_AGGRESSIVE;
				CLANG_CXX_LANGUAGE_STANDARD = "gnu++20";
				CLANG_ENABLE_MODULES = YES;
				CLANG_ENABLE_OBJC_ARC = YES;
				CLANG_ENABLE_OBJC_WEAK = YES;
				CLANG_WARN_BLOCK_CAPTURE_AUTORELEASING = YES;
				CLANG_WARN_BOOL_CONVERSION = YES;
				CLANG_WARN_COMMA = YES;
				CLANG_WARN_CONSTANT_CONVERSION = YES;
				CLANG_WARN_DEPRECATED_OBJC_IMPLEMENTATIONS = YES;
				CLANG_WARN_DIRECT_OBJC_ISA_USAGE = YES_ERROR;
				CLANG_WARN_DOCUMENTATION_COMMENTS = YES;
				CLANG_WARN_EMPTY_BODY = YES;
				CLANG_WARN_ENUM_CONVERSION = YES;
				CLANG_WARN_INFINITE_RECURSION = YES;
				CLANG_WARN_INT_CONVERSION = YES;
				CLANG_WARN_NON_LITERAL_NULL_CONVERSION = YES;
				CLANG_WARN_OBJC_IMPLICIT_RETAIN_SELF = YES;
				CLANG_WARN_OBJC_LITERAL_CONVERSION = YES;
				CLANG_WARN_OBJC_ROOT_CLASS = YES_ERROR;
				CLANG_WARN_QUOTED_INCLUDE_IN_FRAMEWORK_HEADER = YES;
				CLANG_WARN_RANGE_LOOP_ANALYSIS = YES;
				CLANG_WARN_STRICT_PROTOTYPES = YES;
				CLANG_WARN_SUSPICIOUS_MOVE = YES;
				CLANG_WARN_UNGUARDED_AVAILABILITY = YES_AGGRESSIVE;
				CLANG_WARN_UNREACHABLE_CODE = YES;
				CLANG_WARN__DUPLICATE_METHOD_MATCH = YES;
				COPY_PHASE_STRIP = NO;
				DEBUG_INFORMATION_FORMAT = "dwarf-with-dsym";
				ENABLE_NS_ASSERTIONS = NO;
				ENABLE_STRICT_OBJC_MSGSEND = YES;
				GCC_C_LANGUAGE_STANDARD = gnu11;
				GCC_NO_COMMON_BLOCKS = YES;
				GCC_WARN_64_TO_32_BIT_CONVERSION = YES;
				GCC_WARN_ABOUT_RETURN_TYPE = YES_ERROR;
				GCC_WARN_UNDECLARED_SELECTOR = YES;
				GCC_WARN_UNINITIALIZED_AUTOS = YES_AGGRESSIVE;
				GCC_WARN_UNUSED_FUNCTION = YES;
				GCC_WARN_UNUSED_VARIABLE = YES;
				IPHONEOS_DEPLOYMENT_TARGET = 16.2;
				MTL_ENABLE_DEBUG_INFO = NO;
				MTL_FAST_MATH = YES;
				SDKROOT = iphoneos;
				SWIFT_COMPILATION_MODE = wholemodule;
				SWIFT_OPTIMIZATION_LEVEL = "-O";
				VALIDATE_PRODUCT = YES;
			};
			name = Release;
		};
		EBC674B22C96DCC800A7DFF8 /* Debug */ = {
			isa = XCBuildConfiguration;
			buildSettings = {
				ASSETCATALOG_COMPILER_APPICON_NAME = AppIcon;
				ASSETCATALOG_COMPILER_GLOBAL_ACCENT_COLOR_NAME = AccentColor;
				CODE_SIGN_STYLE = Automatic;
				CURRENT_PROJECT_VERSION = 1;
				DEVELOPMENT_ASSET_PATHS = "\"FlashCards/Preview Content\"";
				DEVELOPMENT_TEAM = CXTXJQMUG9;
				ENABLE_PREVIEWS = YES;
				GENERATE_INFOPLIST_FILE = YES;
				INFOPLIST_FILE = FlashCards/Info.plist;
				INFOPLIST_KEY_UIApplicationSceneManifest_Generation = YES;
				INFOPLIST_KEY_UIApplicationSupportsIndirectInputEvents = YES;
				INFOPLIST_KEY_UILaunchScreen_Generation = YES;
				INFOPLIST_KEY_UISupportedInterfaceOrientations_iPad = "UIInterfaceOrientationPortrait UIInterfaceOrientationPortraitUpsideDown UIInterfaceOrientationLandscapeLeft UIInterfaceOrientationLandscapeRight";
				INFOPLIST_KEY_UISupportedInterfaceOrientations_iPhone = "UIInterfaceOrientationPortrait UIInterfaceOrientationLandscapeLeft UIInterfaceOrientationLandscapeRight";
				IPHONEOS_DEPLOYMENT_TARGET = 16.0;
				LD_RUNPATH_SEARCH_PATHS = (
					"$(inherited)",
					"@executable_path/Frameworks",
				);
				MARKETING_VERSION = 1.0;
				PRODUCT_BUNDLE_IDENTIFIER = com.ahmeddh.FlashCards;
				PRODUCT_NAME = "$(TARGET_NAME)";
				SWIFT_EMIT_LOC_STRINGS = YES;
				SWIFT_VERSION = 5.0;
				TARGETED_DEVICE_FAMILY = "1,2";
			};
			name = Debug;
		};
		EBC674B32C96DCC800A7DFF8 /* Release */ = {
			isa = XCBuildConfiguration;
			buildSettings = {
				ASSETCATALOG_COMPILER_APPICON_NAME = AppIcon;
				ASSETCATALOG_COMPILER_GLOBAL_ACCENT_COLOR_NAME = AccentColor;
				CODE_SIGN_STYLE = Automatic;
				CURRENT_PROJECT_VERSION = 1;
				DEVELOPMENT_ASSET_PATHS = "\"FlashCards/Preview Content\"";
				DEVELOPMENT_TEAM = CXTXJQMUG9;
				ENABLE_PREVIEWS = YES;
				GENERATE_INFOPLIST_FILE = YES;
				INFOPLIST_FILE = FlashCards/Info.plist;
				INFOPLIST_KEY_UIApplicationSceneManifest_Generation = YES;
				INFOPLIST_KEY_UIApplicationSupportsIndirectInputEvents = YES;
				INFOPLIST_KEY_UILaunchScreen_Generation = YES;
				INFOPLIST_KEY_UISupportedInterfaceOrientations_iPad = "UIInterfaceOrientationPortrait UIInterfaceOrientationPortraitUpsideDown UIInterfaceOrientationLandscapeLeft UIInterfaceOrientationLandscapeRight";
				INFOPLIST_KEY_UISupportedInterfaceOrientations_iPhone = "UIInterfaceOrientationPortrait UIInterfaceOrientationLandscapeLeft UIInterfaceOrientationLandscapeRight";
				IPHONEOS_DEPLOYMENT_TARGET = 16.0;
				LD_RUNPATH_SEARCH_PATHS = (
					"$(inherited)",
					"@executable_path/Frameworks",
				);
				MARKETING_VERSION = 1.0;
				PRODUCT_BUNDLE_IDENTIFIER = com.ahmeddh.FlashCards;
				PRODUCT_NAME = "$(TARGET_NAME)";
				SWIFT_EMIT_LOC_STRINGS = YES;
				SWIFT_VERSION = 5.0;
				TARGETED_DEVICE_FAMILY = "1,2";
			};
			name = Release;
		};
/* End XCBuildConfiguration section */

/* Begin XCConfigurationList section */
		EBC674992C96DCC200A7DFF8 /* Build configuration list for PBXProject "FlashCards" */ = {
			isa = XCConfigurationList;
			buildConfigurations = (
				EBC674AF2C96DCC800A7DFF8 /* Debug */,
				EBC674B02C96DCC800A7DFF8 /* Release */,
			);
			defaultConfigurationIsVisible = 0;
			defaultConfigurationName = Release;
		};
		EBC674B12C96DCC800A7DFF8 /* Build configuration list for PBXNativeTarget "FlashCards" */ = {
			isa = XCConfigurationList;
			buildConfigurations = (
				EBC674B22C96DCC800A7DFF8 /* Debug */,
				EBC674B32C96DCC800A7DFF8 /* Release */,
			);
			defaultConfigurationIsVisible = 0;
			defaultConfigurationName = Release;
		};
/* End XCConfigurationList section */

/* Begin XCVersionGroup section */
		EBC674AC2C96DCC800A7DFF8 /* FlashCards.xcdatamodeld */ = {
			isa = XCVersionGroup;
			children = (
				EBC674AD2C96DCC800A7DFF8 /* FlashCards.xcdatamodel */,
			);
			currentVersion = EBC674AD2C96DCC800A7DFF8 /* FlashCards.xcdatamodel */;
			path = FlashCards.xcdatamodeld;
			sourceTree = "<group>";
			versionGroupType = wrapper.xcdatamodel;
		};
/* End XCVersionGroup section */
	};
	rootObject = EBC674962C96DCC200A7DFF8 /* Project object */;
}
